
Microsoft Visual Studio Solution File, Format Version 12.00
# Visual Studio 2013
VisualStudioVersion = 12.0.30723.0
MinimumVisualStudioVersion = 10.0.40219.1
Project("{8BC9CEB8-8B4A-11D0-8D11-00A0C91BC942}") = "atm-project", "atm-project\atm-project.vcxproj", "{0A4635DB-3CD7-40B7-8B80-FD78EC1CE94B}"
EndProject
Global
	GlobalSection(SolutionConfigurationPlatforms) = preSolution
		Debug|Win32 = Debug|Win32
		Release|Win32 = Release|Win32
	EndGlobalSection
	GlobalSection(ProjectConfigurationPlatforms) = postSolution
		{0A4635DB-3CD7-40B7-8B80-FD78EC1CE94B}.Debug|Win32.ActiveCfg = Debug|Win32
		{0A4635DB-3CD7-40B7-8B80-FD78EC1CE94B}.Debug|Win32.Build.0 = Debug|Win32
		{0A4635DB-3CD7-40B7-8B80-FD78EC1CE94B}.Release|Win32.ActiveCfg = Release|Win32
		{0A4635DB-3CD7-40B7-8B80-FD78EC1CE94B}.Release|Win32.Build.0 = Release|Win32
	EndGlobalSection
	GlobalSection(SolutionProperties) = preSolution
		HideSolutionNode = FALSE
	EndGlobalSection
EndGlobal
